
Microsoft Visual Studio Solution File, Format Version 12.00
# Visual Studio Version 16
VisualStudioVersion = 16.0.30907.101
MinimumVisualStudioVersion = 10.0.40219.1
Project("{888888A0-9F3D-457C-B088-3A5042F75D52}") = "GnoweeNSGAPython3", "GnoweeNSGAPython3.pyproj", "{130CF801-5A19-4EF4-98D4-7E80EF64A9C2}"
EndProject
Global
	GlobalSection(SolutionConfigurationPlatforms) = preSolution
		Debug|Any CPU = Debug|Any CPU
		Release|Any CPU = Release|Any CPU
	EndGlobalSection
	GlobalSection(ProjectConfigurationPlatforms) = postSolution
		{130CF801-5A19-4EF4-98D4-7E80EF64A9C2}.Debug|Any CPU.ActiveCfg = Debug|Any CPU
		{130CF801-5A19-4EF4-98D4-7E80EF64A9C2}.Release|Any CPU.ActiveCfg = Release|Any CPU
	EndGlobalSection
	GlobalSection(SolutionProperties) = preSolution
		HideSolutionNode = FALSE
	EndGlobalSection
	GlobalSection(ExtensibilityGlobals) = postSolution
		SolutionGuid = {A6A597F1-E8C0-4EB7-9A9E-7E885D85A0CA}
	EndGlobalSection
EndGlobal
